
Microsoft Visual Studio Solution File, Format Version 12.00
# Visual Studio 15
VisualStudioVersion = 15.0.27703.2035
MinimumVisualStudioVersion = 10.0.40219.1
Project("{FAE04EC0-301F-11D3-BF4B-00C04F79EFBC}") = "AreaRebarMark", "AreaRebarMark\AreaRebarMark.csproj", "{1062C2E8-7B6C-4E9F-A61D-0D22D93EE90E}"
EndProject
Global
	GlobalSection(SolutionConfigurationPlatforms) = preSolution
		R2017|Any CPU = R2017|Any CPU
		R2018|Any CPU = R2018|Any CPU
		R2019|Any CPU = R2019|Any CPU
		R2020|Any CPU = R2020|Any CPU
		R2021|Any CPU = R2021|Any CPU
		R2022|Any CPU = R2022|Any CPU
		R2023|Any CPU = R2023|Any CPU
		R2024|Any CPU = R2024|Any CPU
		R2025|Any CPU = R2025|Any CPU
	EndGlobalSection
	GlobalSection(ProjectConfigurationPlatforms) = postSolution
		{1062C2E8-7B6C-4E9F-A61D-0D22D93EE90E}.R2017|Any CPU.ActiveCfg = R2017|Any CPU
		{1062C2E8-7B6C-4E9F-A61D-0D22D93EE90E}.R2017|Any CPU.Build.0 = R2017|Any CPU
		{1062C2E8-7B6C-4E9F-A61D-0D22D93EE90E}.R2018|Any CPU.ActiveCfg = R2018|Any CPU
		{1062C2E8-7B6C-4E9F-A61D-0D22D93EE90E}.R2018|Any CPU.Build.0 = R2018|Any CPU
		{1062C2E8-7B6C-4E9F-A61D-0D22D93EE90E}.R2019|Any CPU.ActiveCfg = R2019|Any CPU
		{1062C2E8-7B6C-4E9F-A61D-0D22D93EE90E}.R2019|Any CPU.Build.0 = R2019|Any CPU
		{1062C2E8-7B6C-4E9F-A61D-0D22D93EE90E}.R2020|Any CPU.ActiveCfg = R2020|Any CPU
		{1062C2E8-7B6C-4E9F-A61D-0D22D93EE90E}.R2020|Any CPU.Build.0 = R2020|Any CPU
		{1062C2E8-7B6C-4E9F-A61D-0D22D93EE90E}.R2021|Any CPU.ActiveCfg = R2021|Any CPU
		{1062C2E8-7B6C-4E9F-A61D-0D22D93EE90E}.R2021|Any CPU.Build.0 = R2021|Any CPU
		{1062C2E8-7B6C-4E9F-A61D-0D22D93EE90E}.R2022|Any CPU.ActiveCfg = R2022|Any CPU
		{1062C2E8-7B6C-4E9F-A61D-0D22D93EE90E}.R2022|Any CPU.Build.0 = R2022|Any CPU
		{1062C2E8-7B6C-4E9F-A61D-0D22D93EE90E}.R2023|Any CPU.ActiveCfg = R2023|Any CPU
		{1062C2E8-7B6C-4E9F-A61D-0D22D93EE90E}.R2023|Any CPU.Build.0 = R2023|Any CPU
		{1062C2E8-7B6C-4E9F-A61D-0D22D93EE90E}.R2024|Any CPU.ActiveCfg = R2024|Any CPU
		{1062C2E8-7B6C-4E9F-A61D-0D22D93EE90E}.R2024|Any CPU.Build.0 = R2024|Any CPU
		{1062C2E8-7B6C-4E9F-A61D-0D22D93EE90E}.R2025|Any CPU.ActiveCfg = R2025|Any CPU
		{1062C2E8-7B6C-4E9F-A61D-0D22D93EE90E}.R2025|Any CPU.Build.0 = R2025|Any CPU
	EndGlobalSection
	GlobalSection(SolutionProperties) = preSolution
		HideSolutionNode = FALSE
	EndGlobalSection
	GlobalSection(ExtensibilityGlobals) = postSolution
		SolutionGuid = {32550A27-7321-4A54-81CF-27089FF6FABE}
	EndGlobalSection
EndGlobal
